sha: dccf929ce3bcbaf01ddf1240ac16354e0cf76bb1
repo: jebel-quant/rhiza
host: github
ref: v0.9.5
include: []
exclude: []
templates:
- core
- github
- tests
files:
- .editorconfig
- .github/DISCUSSION_TEMPLATE/q-and-a.yml
- .github/ISSUE_TEMPLATE/bug_report.yml
- .github/ISSUE_TEMPLATE/feature_request.yml
- .github/actions/configure-git-auth/README.md
- .github/actions/configure-git-auth/action.yml
- .github/agents/analyser.md
- .github/agents/summarise.md
- .github/copilot-instructions.md
- .github/dependabot.yml
- .github/hooks/hooks.json
- .github/hooks/session-end.sh
- .github/hooks/session-start.sh
- .github/secret_scanning.yml
- .github/semgrep.yml
- .github/workflows/copilot-setup-steps.yml
- .github/workflows/rhiza_book.yml
- .github/workflows/rhiza_ci.yml
- .github/workflows/rhiza_codeql.yml
- .github/workflows/rhiza_release.yml
- .github/workflows/rhiza_sync.yml
- .github/workflows/rhiza_weekly.yml
- .gitignore
- .pre-commit-config.yaml
- .python-version
- .rhiza/.cfg.toml
- .rhiza/.env
- .rhiza/.gitignore
- .rhiza/.rhiza-version
- .rhiza/assets/rhiza-logo.svg
- .rhiza/docs/ASSETS.md
- .rhiza/docs/CONFIG.md
- .rhiza/docs/LFS.md
- .rhiza/docs/PRIVATE_PACKAGES.md
- .rhiza/docs/RELEASING.md
- .rhiza/docs/TOKEN_SETUP.md
- .rhiza/docs/WORKFLOWS.md
- .rhiza/make.d/README.md
- .rhiza/make.d/agentic.mk
- .rhiza/make.d/book.mk
- .rhiza/make.d/bootstrap.mk
- .rhiza/make.d/custom-env.mk
- .rhiza/make.d/custom-task.mk
- .rhiza/make.d/gh-aw.mk
- .rhiza/make.d/github.mk
- .rhiza/make.d/quality.mk
- .rhiza/make.d/releasing.mk
- .rhiza/make.d/test.mk
- .rhiza/requirements/README.md
- .rhiza/requirements/docs.txt
- .rhiza/requirements/tests.txt
- .rhiza/requirements/tools.txt
- .rhiza/rhiza.mk
- .rhiza/tests/README.md
- .rhiza/tests/api/conftest.py
- .rhiza/tests/api/test_gh_aw_targets.py
- .rhiza/tests/api/test_github_targets.py
- .rhiza/tests/api/test_makefile_api.py
- .rhiza/tests/api/test_makefile_targets.py
- .rhiza/tests/conftest.py
- .rhiza/tests/deps/test_dependency_health.py
- .rhiza/tests/integration/test_book_targets.py
- .rhiza/tests/integration/test_docs_targets.py
- .rhiza/tests/integration/test_lfs.py
- .rhiza/tests/integration/test_sbom.py
- .rhiza/tests/integration/test_test_mk.py
- .rhiza/tests/integration/test_virtual_env_unexport.py
- .rhiza/tests/security/test_security_patterns.py
- .rhiza/tests/shell/test_scripts.sh
- .rhiza/tests/stress/README.md
- .rhiza/tests/stress/__init__.py
- .rhiza/tests/stress/conftest.py
- .rhiza/tests/stress/test_git_stress.py
- .rhiza/tests/stress/test_makefile_stress.py
- .rhiza/tests/structure/test_lfs_structure.py
- .rhiza/tests/structure/test_project_layout.py
- .rhiza/tests/structure/test_requirements.py
- .rhiza/tests/structure/test_template_bundles.py
- .rhiza/tests/sync/conftest.py
- .rhiza/tests/sync/test_docstrings.py
- .rhiza/tests/sync/test_readme_validation.py
- .rhiza/tests/sync/test_rhiza_version.py
- .rhiza/tests/test_utils.py
- .rhiza/tests/utils/test_git_repo_fixture.py
- Makefile
- docs/adr/0000-adr-template.md
- docs/assets/rhiza-logo.svg
- docs/development/TESTS.md
- docs/index.md
- docs/mkdocs-base.yml
- pytest.ini
- ruff.toml
synced_at: '2026-04-15T03:57:13Z'
strategy: merge
