sha: dccf929ce3bcbaf01ddf1240ac16354e0cf76bb1
repo: jebel-quant/rhiza
host: github
ref: v0.9.5
include: []
exclude: []
templates:
- core
- github
files:
- .editorconfig
- .github/DISCUSSION_TEMPLATE/q-and-a.yml
- .github/ISSUE_TEMPLATE/bug_report.yml
- .github/ISSUE_TEMPLATE/feature_request.yml
- .github/actions/configure-git-auth/README.md
- .github/actions/configure-git-auth/action.yml
- .github/agents/analyser.md
- .github/agents/summarise.md
- .github/copilot-instructions.md
- .github/dependabot.yml
- .github/hooks/hooks.json
- .github/hooks/session-end.sh
- .github/hooks/session-start.sh
- .github/secret_scanning.yml
- .github/semgrep.yml
- .github/workflows/copilot-setup-steps.yml
- .github/workflows/rhiza_release.yml
- .github/workflows/rhiza_sync.yml
- .github/workflows/rhiza_weekly.yml
- .gitignore
- .pre-commit-config.yaml
- .python-version
- .rhiza/.cfg.toml
- .rhiza/.env
- .rhiza/.gitignore
- .rhiza/.rhiza-version
- .rhiza/assets/rhiza-logo.svg
- .rhiza/docs/ASSETS.md
- .rhiza/docs/CONFIG.md
- .rhiza/docs/LFS.md
- .rhiza/docs/PRIVATE_PACKAGES.md
- .rhiza/docs/RELEASING.md
- .rhiza/docs/TOKEN_SETUP.md
- .rhiza/docs/WORKFLOWS.md
- .rhiza/make.d/README.md
- .rhiza/make.d/agentic.mk
- .rhiza/make.d/book.mk
- .rhiza/make.d/bootstrap.mk
- .rhiza/make.d/custom-env.mk
- .rhiza/make.d/custom-task.mk
- .rhiza/make.d/gh-aw.mk
- .rhiza/make.d/github.mk
- .rhiza/make.d/quality.mk
- .rhiza/make.d/releasing.mk
- .rhiza/requirements/README.md
- .rhiza/requirements/docs.txt
- .rhiza/requirements/tools.txt
- .rhiza/rhiza.mk
- Makefile
- docs/adr/0000-adr-template.md
- docs/assets/rhiza-logo.svg
- docs/index.md
- docs/mkdocs-base.yml
- ruff.toml
synced_at: '2026-04-15T03:52:34Z'
strategy: merge
